
Microsoft Visual Studio Solution File, Format Version 12.00
# Visual Studio 15
VisualStudioVersion = 15.0.28307.136
MinimumVisualStudioVersion = 10.0.40219.1
Project("{FAE04EC0-301F-11D3-BF4B-00C04F79EFBC}") = "TrabGrafos", "TrabGrafos\TrabGrafos.csproj", "{19DF14D0-1779-4DAA-A6BC-974344607825}"
EndProject
Global
	GlobalSection(SolutionConfigurationPlatforms) = preSolution
		Debug|Any CPU = Debug|Any CPU
		Release|Any CPU = Release|Any CPU
	EndGlobalSection
	GlobalSection(ProjectConfigurationPlatforms) = postSolution
		{19DF14D0-1779-4DAA-A6BC-974344607825}.Debug|Any CPU.ActiveCfg = Debug|Any CPU
		{19DF14D0-1779-4DAA-A6BC-974344607825}.Debug|Any CPU.Build.0 = Debug|Any CPU
		{19DF14D0-1779-4DAA-A6BC-974344607825}.Release|Any CPU.ActiveCfg = Release|Any CPU
		{19DF14D0-1779-4DAA-A6BC-974344607825}.Release|Any CPU.Build.0 = Release|Any CPU
	EndGlobalSection
	GlobalSection(SolutionProperties) = preSolution
		HideSolutionNode = FALSE
	EndGlobalSection
	GlobalSection(ExtensibilityGlobals) = postSolution
		SolutionGuid = {0968DE62-6B31-433F-96A7-376D02E3B3E6}
	EndGlobalSection
EndGlobal
